
Microsoft Visual Studio Solution File, Format Version 9.00
# Visual Studio 2005
Project("{8BC9CEB8-8B4A-11D0-8D11-00A0C91BC942}") = "ChangeROI", "ChangeROI.vcproj", "{17B90894-234A-41A8-853B-585B1D61857B}"
EndProject
Global
	GlobalSection(SolutionConfigurationPlatforms) = preSolution
		Debug|Win32 = Debug|Win32
		Release|Win32 = Release|Win32
		Win64 Release|Win32 = Win64 Release|Win32
	EndGlobalSection
	GlobalSection(ProjectConfigurationPlatforms) = postSolution
		{17B90894-234A-41A8-853B-585B1D61857B}.Debug|Win32.ActiveCfg = Debug|Win32
		{17B90894-234A-41A8-853B-585B1D61857B}.Debug|Win32.Build.0 = Debug|Win32
		{17B90894-234A-41A8-853B-585B1D61857B}.Release|Win32.ActiveCfg = Release|Win32
		{17B90894-234A-41A8-853B-585B1D61857B}.Release|Win32.Build.0 = Release|Win32
		{17B90894-234A-41A8-853B-585B1D61857B}.Win64 Release|Win32.ActiveCfg = Win64 Release|Win32
		{17B90894-234A-41A8-853B-585B1D61857B}.Win64 Release|Win32.Build.0 = Win64 Release|Win32
	EndGlobalSection
	GlobalSection(SolutionProperties) = preSolution
		HideSolutionNode = FALSE
	EndGlobalSection
EndGlobal
