
Microsoft Visual Studio Solution File, Format Version 9.00
# Visual Studio 2005
Project("{8BC9CEB8-8B4A-11D0-8D11-00A0C91BC942}") = "EventCallback", "EventCallback.vcproj", "{0551903D-5CE5-4C4B-B5C8-CB247CB06A40}"
EndProject
Global
	GlobalSection(SolutionConfigurationPlatforms) = preSolution
		Debug|Win32 = Debug|Win32
		Release|Win32 = Release|Win32
	EndGlobalSection
	GlobalSection(ProjectConfigurationPlatforms) = postSolution
		{0551903D-5CE5-4C4B-B5C8-CB247CB06A40}.Debug|Win32.ActiveCfg = Debug|Win32
		{0551903D-5CE5-4C4B-B5C8-CB247CB06A40}.Debug|Win32.Build.0 = Debug|Win32
		{0551903D-5CE5-4C4B-B5C8-CB247CB06A40}.Release|Win32.ActiveCfg = Release|Win32
		{0551903D-5CE5-4C4B-B5C8-CB247CB06A40}.Release|Win32.Build.0 = Release|Win32
	EndGlobalSection
	GlobalSection(SolutionProperties) = preSolution
		HideSolutionNode = FALSE
	EndGlobalSection
EndGlobal
