
Microsoft Visual Studio Solution File, Format Version 9.00
# Visual Studio 2005
Project("{8BC9CEB8-8B4A-11D0-8D11-00A0C91BC942}") = "SoftTrigger", "SoftTrigger.vcproj", "{230F43F3-6575-4C1A-B396-A087701FEECC}"
EndProject
Global
	GlobalSection(SolutionConfigurationPlatforms) = preSolution
		Debug|Win32 = Debug|Win32
		Release|Win32 = Release|Win32
	EndGlobalSection
	GlobalSection(ProjectConfigurationPlatforms) = postSolution
		{230F43F3-6575-4C1A-B396-A087701FEECC}.Debug|Win32.ActiveCfg = Debug|Win32
		{230F43F3-6575-4C1A-B396-A087701FEECC}.Debug|Win32.Build.0 = Debug|Win32
		{230F43F3-6575-4C1A-B396-A087701FEECC}.Release|Win32.ActiveCfg = Release|Win32
		{230F43F3-6575-4C1A-B396-A087701FEECC}.Release|Win32.Build.0 = Release|Win32
	EndGlobalSection
	GlobalSection(SolutionProperties) = preSolution
		HideSolutionNode = FALSE
	EndGlobalSection
EndGlobal
