
Microsoft Visual Studio Solution File, Format Version 9.00
# Visual Studio 2005
Project("{8BC9CEB8-8B4A-11D0-8D11-00A0C91BC942}") = "siotest", "siotest.vcproj", "{D60B5080-24D6-428F-8558-9ED80AF4DA58}"
EndProject
Global
	GlobalSection(SolutionConfigurationPlatforms) = preSolution
		Debug|Win32 = Debug|Win32
		Release|Win32 = Release|Win32
	EndGlobalSection
	GlobalSection(ProjectConfigurationPlatforms) = postSolution
		{D60B5080-24D6-428F-8558-9ED80AF4DA58}.Debug|Win32.ActiveCfg = Debug|Win32
		{D60B5080-24D6-428F-8558-9ED80AF4DA58}.Debug|Win32.Build.0 = Debug|Win32
		{D60B5080-24D6-428F-8558-9ED80AF4DA58}.Release|Win32.ActiveCfg = Release|Win32
		{D60B5080-24D6-428F-8558-9ED80AF4DA58}.Release|Win32.Build.0 = Release|Win32
	EndGlobalSection
	GlobalSection(SolutionProperties) = preSolution
		HideSolutionNode = FALSE
	EndGlobalSection
EndGlobal
